
Microsoft Visual Studio Solution File, Format Version 12.00
# Visual Studio Version 17
VisualStudioVersion = 17.2.32616.157
MinimumVisualStudioVersion = 10.0.40219.1
Project("{54A90642-561A-4BB1-A94E-469ADEE60C69}") = "ShoppingCart", "ShoppingCart.esproj", "{CE6A8D72-6A67-4C9B-9AF7-8B4381BF27E8}"
EndProject
Global
	GlobalSection(SolutionConfigurationPlatforms) = preSolution
		Debug|Any CPU = Debug|Any CPU
		Release|Any CPU = Release|Any CPU
	EndGlobalSection
	GlobalSection(ProjectConfigurationPlatforms) = postSolution
		{CE6A8D72-6A67-4C9B-9AF7-8B4381BF27E8}.Debug|Any CPU.ActiveCfg = Debug|Any CPU
		{CE6A8D72-6A67-4C9B-9AF7-8B4381BF27E8}.Debug|Any CPU.Build.0 = Debug|Any CPU
		{CE6A8D72-6A67-4C9B-9AF7-8B4381BF27E8}.Debug|Any CPU.Deploy.0 = Debug|Any CPU
		{CE6A8D72-6A67-4C9B-9AF7-8B4381BF27E8}.Release|Any CPU.ActiveCfg = Release|Any CPU
		{CE6A8D72-6A67-4C9B-9AF7-8B4381BF27E8}.Release|Any CPU.Build.0 = Release|Any CPU
		{CE6A8D72-6A67-4C9B-9AF7-8B4381BF27E8}.Release|Any CPU.Deploy.0 = Release|Any CPU
	EndGlobalSection
	GlobalSection(SolutionProperties) = preSolution
		HideSolutionNode = FALSE
	EndGlobalSection
	GlobalSection(ExtensibilityGlobals) = postSolution
		SolutionGuid = {D8C6DCC6-C003-4F66-A72C-8DE3B0F9EA4B}
	EndGlobalSection
EndGlobal
